// !$*UTF8*$!
{
	archiveVersion = 1;
	classes = {
	};
	objectVersion = 50;
	objects = {

/* Begin PBXBuildFile section */
		8335574321875CD300331AF0 /* AppDelegate.swift in Sources */ = {isa = PBXBuildFile; fileRef = 8335574221875CD300331AF0 /* AppDelegate.swift */; };
		8335574821875CD300331AF0 /* Main.storyboard in Resources */ = {isa = PBXBuildFile; fileRef = 8335574621875CD300331AF0 /* Main.storyboard */; };
		8335574A21875CD300331AF0 /* Assets.xcassets in Resources */ = {isa = PBXBuildFile; fileRef = 8335574921875CD300331AF0 /* Assets.xcassets */; };
		8335574D21875CD300331AF0 /* LaunchScreen.storyboard in Resources */ = {isa = PBXBuildFile; fileRef = 8335574B21875CD300331AF0 /* LaunchScreen.storyboard */; };
		8335575521875CFB00331AF0 /* LibraryViewController.swift in Sources */ = {isa = PBXBuildFile; fileRef = 8335575421875CFB00331AF0 /* LibraryViewController.swift */; };
		83355757218777CA00331AF0 /* Game.swift in Sources */ = {isa = PBXBuildFile; fileRef = 83355756218777CA00331AF0 /* Game.swift */; };
		8335575921877D1400331AF0 /* Library.swift in Sources */ = {isa = PBXBuildFile; fileRef = 8335575821877D1400331AF0 /* Library.swift */; };
		835E2AC4218B537F0057DED3 /* LibraryCell.swift in Sources */ = {isa = PBXBuildFile; fileRef = 835E2AC3218B537F0057DED3 /* LibraryCell.swift */; };
		83C83CAD218A33C000309B67 /* AddGameViewController.swift in Sources */ = {isa = PBXBuildFile; fileRef = 83C83CAC218A33C000309B67 /* AddGameViewController.swift */; };
/* End PBXBuildFile section */

/* Begin PBXFileReference section */
		8335573F21875CD300331AF0 /* IOSVideoGameLibrary.app */ = {isa = PBXFileReference; explicitFileType = wrapper.application; includeInIndex = 0; path = IOSVideoGameLibrary.app; sourceTree = BUILT_PRODUCTS_DIR; };
		8335574221875CD300331AF0 /* AppDelegate.swift */ = {isa = PBXFileReference; lastKnownFileType = sourcecode.swift; path = AppDelegate.swift; sourceTree = "<group>"; };
		8335574721875CD300331AF0 /* Base */ = {isa = PBXFileReference; lastKnownFileType = file.storyboard; name = Base; path = Base.lproj/Main.storyboard; sourceTree = "<group>"; };
		8335574921875CD300331AF0 /* Assets.xcassets */ = {isa = PBXFileReference; lastKnownFileType = folder.assetcatalog; path = Assets.xcassets; sourceTree = "<group>"; };
		8335574C21875CD300331AF0 /* Base */ = {isa = PBXFileReference; lastKnownFileType = file.storyboard; name = Base; path = Base.lproj/LaunchScreen.storyboard; sourceTree = "<group>"; };
		8335574E21875CD300331AF0 /* Info.plist */ = {isa = PBXFileReference; lastKnownFileType = text.plist.xml; path = Info.plist; sourceTree = "<group>"; };
		8335575421875CFB00331AF0 /* LibraryViewController.swift */ = {isa = PBXFileReference; lastKnownFileType = sourcecode.swift; path = LibraryViewController.swift; sourceTree = "<group>"; };
		83355756218777CA00331AF0 /* Game.swift */ = {isa = PBXFileReference; lastKnownFileType = sourcecode.swift; path = Game.swift; sourceTree = "<group>"; };
		8335575821877D1400331AF0 /* Library.swift */ = {isa = PBXFileReference; lastKnownFileType = sourcecode.swift; path = Library.swift; sourceTree = "<group>"; };
		835E2AC3218B537F0057DED3 /* LibraryCell.swift */ = {isa = PBXFileReference; lastKnownFileType = sourcecode.swift; path = LibraryCell.swift; sourceTree = "<group>"; };
		83C83CAC218A33C000309B67 /* AddGameViewController.swift */ = {isa = PBXFileReference; lastKnownFileType = sourcecode.swift; path = AddGameViewController.swift; sourceTree = "<group>"; };
/* End PBXFileReference section */

/* Begin PBXFrameworksBuildPhase section */
		8335573C21875CD300331AF0 /* Frameworks */ = {
			isa = PBXFrameworksBuildPhase;
			buildActionMask = 2147483647;
			files = (
			);
			runOnlyForDeploymentPostprocessing = 0;
		};
/* End PBXFrameworksBuildPhase section */

/* Begin PBXGroup section */
		8335573621875CD300331AF0 = {
			isa = PBXGroup;
			children = (
				8335574121875CD300331AF0 /* IOSVideoGameLibrary */,
				8335574021875CD300331AF0 /* Products */,
			);
			sourceTree = "<group>";
		};
		8335574021875CD300331AF0 /* Products */ = {
			isa = PBXGroup;
			children = (
				8335573F21875CD300331AF0 /* IOSVideoGameLibrary.app */,
			);
			name = Products;
			sourceTree = "<group>";
		};
		8335574121875CD300331AF0 /* IOSVideoGameLibrary */ = {
			isa = PBXGroup;
			children = (
				8335574221875CD300331AF0 /* AppDelegate.swift */,
				8335575821877D1400331AF0 /* Library.swift */,
				8335575421875CFB00331AF0 /* LibraryViewController.swift */,
				83355756218777CA00331AF0 /* Game.swift */,
				83C83CAC218A33C000309B67 /* AddGameViewController.swift */,
				835E2AC3218B537F0057DED3 /* LibraryCell.swift */,
				8335574621875CD300331AF0 /* Main.storyboard */,
				8335574921875CD300331AF0 /* Assets.xcassets */,
				8335574B21875CD300331AF0 /* LaunchScreen.storyboard */,
				8335574E21875CD300331AF0 /* Info.plist */,
			);
			path = IOSVideoGameLibrary;
			sourceTree = "<group>";
		};
/* End PBXGroup section */

/* Begin PBXNativeTarget section */
		8335573E21875CD300331AF0 /* IOSVideoGameLibrary */ = {
			isa = PBXNativeTarget;
			buildConfigurationList = 8335575121875CD300331AF0 /* Build configuration list for PBXNativeTarget "IOSVideoGameLibrary" */;
			buildPhases = (
				8335573B21875CD300331AF0 /* Sources */,
				8335573C21875CD300331AF0 /* Frameworks */,
				8335573D21875CD300331AF0 /* Resources */,
			);
			buildRules = (
			);
			dependencies = (
			);
			name = IOSVideoGameLibrary;
			productName = IOSVideoGameLibrary;
			productReference = 8335573F21875CD300331AF0 /* IOSVideoGameLibrary.app */;
			productType = "com.apple.product-type.application";
		};
/* End PBXNativeTarget section */

/* Begin PBXProject section */
		8335573721875CD300331AF0 /* Project object */ = {
			isa = PBXProject;
			attributes = {
				LastSwiftUpdateCheck = 1000;
				LastUpgradeCheck = 1000;
				ORGANIZATIONNAME = "Zachary Harper";
				TargetAttributes = {
					8335573E21875CD300331AF0 = {
						CreatedOnToolsVersion = 10.0;
					};
				};
			};
			buildConfigurationList = 8335573A21875CD300331AF0 /* Build configuration list for PBXProject "IOSVideoGameLibrary" */;
			compatibilityVersion = "Xcode 9.3";
			developmentRegion = en;
			hasScannedForEncodings = 0;
			knownRegions = (
				en,
				Base,
			);
			mainGroup = 8335573621875CD300331AF0;
			productRefGroup = 8335574021875CD300331AF0 /* Products */;
			projectDirPath = "";
			projectRoot = "";
			targets = (
				8335573E21875CD300331AF0 /* IOSVideoGameLibrary */,
			);
		};
/* End PBXProject section */

/* Begin PBXResourcesBuildPhase section */
		8335573D21875CD300331AF0 /* Resources */ = {
			isa = PBXResourcesBuildPhase;
			buildActionMask = 2147483647;
			files = (
				8335574D21875CD300331AF0 /* LaunchScreen.storyboard in Resources */,
				8335574A21875CD300331AF0 /* Assets.xcassets in Resources */,
				8335574821875CD300331AF0 /* Main.storyboard in Resources */,
			);
			runOnlyForDeploymentPostprocessing = 0;
		};
/* End PBXResourcesBuildPhase section */

/* Begin PBXSourcesBuildPhase section */
		8335573B21875CD300331AF0 /* Sources */ = {
			isa = PBXSourcesBuildPhase;
			buildActionMask = 2147483647;
			files = (
				83C83CAD218A33C000309B67 /* AddGameViewController.swift in Sources */,
				8335575521875CFB00331AF0 /* LibraryViewController.swift in Sources */,
				8335575921877D1400331AF0 /* Library.swift in Sources */,
				835E2AC4218B537F0057DED3 /* LibraryCell.swift in Sources */,
				83355757218777CA00331AF0 /* Game.swift in Sources */,
				8335574321875CD300331AF0 /* AppDelegate.swift in Sources */,
			);
			runOnlyForDeploymentPostprocessing = 0;
		};
/* End PBXSourcesBuildPhase section */

/* Begin PBXVariantGroup section */
		8335574621875CD300331AF0 /* Main.storyboard */ = {
			isa = PBXVariantGroup;
			children = (
				8335574721875CD300331AF0 /* Base */,
			);
			name = Main.storyboard;
			sourceTree = "<group>";
		};
		8335574B21875CD300331AF0 /* LaunchScreen.storyboard */ = {
			isa = PBXVariantGroup;
			children = (
				8335574C21875CD300331AF0 /* Base */,
			);
			name = LaunchScreen.storyboard;
			sourceTree = "<group>";
		};
/* End PBXVariantGroup section */

/* Begin XCBuildConfiguration section */
		8335574F21875CD300331AF0 /* Debug */ = {
			isa = XCBuildConfiguration;
			buildSettings = {
				ALWAYS_SEARCH_USER_PATHS = NO;
				CLANG_ANALYZER_NONNULL = YES;
				CLANG_ANALYZER_NUMBER_OBJECT_CONVERSION = YES_AGGRESSIVE;
				CLANG_CXX_LANGUAGE_STANDARD = "gnu++14";
				CLANG_CXX_LIBRARY = "libc++";
				CLANG_ENABLE_MODULES = YES;
				CLANG_ENABLE_OBJC_ARC = YES;
				CLANG_ENABLE_OBJC_WEAK = YES;
				CLANG_WARN_BLOCK_CAPTURE_AUTORELEASING = YES;
				CLANG_WARN_BOOL_CONVERSION = YES;
				CLANG_WARN_COMMA = YES;
				CLANG_WARN_CONSTANT_CONVERSION = YES;
				CLANG_WARN_DEPRECATED_OBJC_IMPLEMENTATIONS = YES;
				CLANG_WARN_DIRECT_OBJC_ISA_USAGE = YES_ERROR;
				CLANG_WARN_DOCUMENTATION_COMMENTS = YES;
				CLANG_WARN_EMPTY_BODY = YES;
				CLANG_WARN_ENUM_CONVERSION = YES;
				CLANG_WARN_INFINITE_RECURSION = YES;
				CLANG_WARN_INT_CONVERSION = YES;
				CLANG_WARN_NON_LITERAL_NULL_CONVERSION = YES;
				CLANG_WARN_OBJC_IMPLICIT_RETAIN_SELF = YES;
				CLANG_WARN_OBJC_LITERAL_CONVERSION = YES;
				CLANG_WARN_OBJC_ROOT_CLASS = YES_ERROR;
				CLANG_WARN_RANGE_LOOP_ANALYSIS = YES;
				CLANG_WARN_STRICT_PROTOTYPES = YES;
				CLANG_WARN_SUSPICIOUS_MOVE = YES;
				CLANG_WARN_UNGUARDED_AVAILABILITY = YES_AGGRESSIVE;
				CLANG_WARN_UNREACHABLE_CODE = YES;
				CLANG_WARN__DUPLICATE_METHOD_MATCH = YES;
				CODE_SIGN_IDENTITY = "iPhone Developer";
				COPY_PHASE_STRIP = NO;
				DEBUG_INFORMATION_FORMAT = dwarf;
				ENABLE_STRICT_OBJC_MSGSEND = YES;
				ENABLE_TESTABILITY = YES;
				GCC_C_LANGUAGE_STANDARD = gnu11;
				GCC_DYNAMIC_NO_PIC = NO;
				GCC_NO_COMMON_BLOCKS = YES;
				GCC_OPTIMIZATION_LEVEL = 0;
				GCC_PREPROCESSOR_DEFINITIONS = (
					"DEBUG=1",
					"$(inherited)",
				);
				GCC_WARN_64_TO_32_BIT_CONVERSION = YES;
				GCC_WARN_ABOUT_RETURN_TYPE = YES_ERROR;
				GCC_WARN_UNDECLARED_SELECTOR = YES;
				GCC_WARN_UNINITIALIZED_AUTOS = YES_AGGRESSIVE;
				GCC_WARN_UNUSED_FUNCTION = YES;
				GCC_WARN_UNUSED_VARIABLE = YES;
				IPHONEOS_DEPLOYMENT_TARGET = 12.0;
				MTL_ENABLE_DEBUG_INFO = INCLUDE_SOURCE;
				MTL_FAST_MATH = YES;
				ONLY_ACTIVE_ARCH = YES;
				SDKROOT = iphoneos;
				SWIFT_ACTIVE_COMPILATION_CONDITIONS = DEBUG;
				SWIFT_OPTIMIZATION_LEVEL = "-Onone";
			};
			name = Debug;
		};
		8335575021875CD300331AF0 /* Release */ = {
			isa = XCBuildConfiguration;
			buildSettings = {
				ALWAYS_SEARCH_USER_PATHS = NO;
				CLANG_ANALYZER_NONNULL = YES;
				CLANG_ANALYZER_NUMBER_OBJECT_CONVERSION = YES_AGGRESSIVE;
				CLANG_CXX_LANGUAGE_STANDARD = "gnu++14";
				CLANG_CXX_LIBRARY = "libc++";
				CLANG_ENABLE_MODULES = YES;
				CLANG_ENABLE_OBJC_ARC = YES;
				CLANG_ENABLE_OBJC_WEAK = YES;
				CLANG_WARN_BLOCK_CAPTURE_AUTORELEASING = YES;
				CLANG_WARN_BOOL_CONVERSION = YES;
				CLANG_WARN_COMMA = YES;
				CLANG_WARN_CONSTANT_CONVERSION = YES;
				CLANG_WARN_DEPRECATED_OBJC_IMPLEMENTATIONS = YES;
				CLANG_WARN_DIRECT_OBJC_ISA_USAGE = YES_ERROR;
				CLANG_WARN_DOCUMENTATION_COMMENTS = YES;
				CLANG_WARN_EMPTY_BODY = YES;
				CLANG_WARN_ENUM_CONVERSION = YES;
				CLANG_WARN_INFINITE_RECURSION = YES;
				CLANG_WARN_INT_CONVERSION = YES;
				CLANG_WARN_NON_LITERAL_NULL_CONVERSION = YES;
				CLANG_WARN_OBJC_IMPLICIT_RETAIN_SELF = YES;
				CLANG_WARN_OBJC_LITERAL_CONVERSION = YES;
				CLANG_WARN_OBJC_ROOT_CLASS = YES_ERROR;
				CLANG_WARN_RANGE_LOOP_ANALYSIS = YES;
				CLANG_WARN_STRICT_PROTOTYPES = YES;
				CLANG_WARN_SUSPICIOUS_MOVE = YES;
				CLANG_WARN_UNGUARDED_AVAILABILITY = YES_AGGRESSIVE;
				CLANG_WARN_UNREACHABLE_CODE = YES;
				CLANG_WARN__DUPLICATE_METHOD_MATCH = YES;
				CODE_SIGN_IDENTITY = "iPhone Developer";
				COPY_PHASE_STRIP = NO;
				DEBUG_INFORMATION_FORMAT = "dwarf-with-dsym";
				ENABLE_NS_ASSERTIONS = NO;
				ENABLE_STRICT_OBJC_MSGSEND = YES;
				GCC_C_LANGUAGE_STANDARD = gnu11;
				GCC_NO_COMMON_BLOCKS = YES;
				GCC_WARN_64_TO_32_BIT_CONVERSION = YES;
				GCC_WARN_ABOUT_RETURN_TYPE = YES_ERROR;
				GCC_WARN_UNDECLARED_SELECTOR = YES;
				GCC_WARN_UNINITIALIZED_AUTOS = YES_AGGRESSIVE;
				GCC_WARN_UNUSED_FUNCTION = YES;
				GCC_WARN_UNUSED_VARIABLE = YES;
				IPHONEOS_DEPLOYMENT_TARGET = 12.0;
				MTL_ENABLE_DEBUG_INFO = NO;
				MTL_FAST_MATH = YES;
				SDKROOT = iphoneos;
				SWIFT_COMPILATION_MODE = wholemodule;
				SWIFT_OPTIMIZATION_LEVEL = "-O";
				VALIDATE_PRODUCT = YES;
			};
			name = Release;
		};
		8335575221875CD300331AF0 /* Debug */ = {
			isa = XCBuildConfiguration;
			buildSettings = {
				ASSETCATALOG_COMPILER_APPICON_NAME = AppIcon;
				CODE_SIGN_STYLE = Automatic;
				INFOPLIST_FILE = IOSVideoGameLibrary/Info.plist;
				LD_RUNPATH_SEARCH_PATHS = (
					"$(inherited)",
					"@executable_path/Frameworks",
				);
				PRODUCT_BUNDLE_IDENTIFIER = com.zacharyharper.IOSVideoGameLibrary;
				PRODUCT_NAME = "$(TARGET_NAME)";
				SWIFT_VERSION = 4.2;
				TARGETED_DEVICE_FAMILY = "1,2";
			};
			name = Debug;
		};
		8335575321875CD300331AF0 /* Release */ = {
			isa = XCBuildConfiguration;
			buildSettings = {
				ASSETCATALOG_COMPILER_APPICON_NAME = AppIcon;
				CODE_SIGN_STYLE = Automatic;
				INFOPLIST_FILE = IOSVideoGameLibrary/Info.plist;
				LD_RUNPATH_SEARCH_PATHS = (
					"$(inherited)",
					"@executable_path/Frameworks",
				);
				PRODUCT_BUNDLE_IDENTIFIER = com.zacharyharper.IOSVideoGameLibrary;
				PRODUCT_NAME = "$(TARGET_NAME)";
				SWIFT_VERSION = 4.2;
				TARGETED_DEVICE_FAMILY = "1,2";
			};
			name = Release;
		};
/* End XCBuildConfiguration section */

/* Begin XCConfigurationList section */
		8335573A21875CD300331AF0 /* Build configuration list for PBXProject "IOSVideoGameLibrary" */ = {
			isa = XCConfigurationList;
			buildConfigurations = (
				8335574F21875CD300331AF0 /* Debug */,
				8335575021875CD300331AF0 /* Release */,
			);
			defaultConfigurationIsVisible = 0;
			defaultConfigurationName = Release;
		};
		8335575121875CD300331AF0 /* Build configuration list for PBXNativeTarget "IOSVideoGameLibrary" */ = {
			isa = XCConfigurationList;
			buildConfigurations = (
				8335575221875CD300331AF0 /* Debug */,
				8335575321875CD300331AF0 /* Release */,
			);
			defaultConfigurationIsVisible = 0;
			defaultConfigurationName = Release;
		};
/* End XCConfigurationList section */
	};
	rootObject = 8335573721875CD300331AF0 /* Project object */;
}
